
Microsoft Visual Studio Solution File, Format Version 12.00
# Visual Studio Version 16
VisualStudioVersion = 16.0.32126.315
MinimumVisualStudioVersion = 10.0.40219.1
Project("{8BC9CEB8-8B4A-11D0-8D11-00A0C91BC942}") = "Medical_Store_Management", "Medical_Store_Management\Medical_Store_Management.vcxproj", "{469C4A2E-5686-456C-91BC-1D67FB6FD5F6}"
EndProject
Global
	GlobalSection(SolutionConfigurationPlatforms) = preSolution
		Debug|x64 = Debug|x64
		Debug|x86 = Debug|x86
		Release|x64 = Release|x64
		Release|x86 = Release|x86
	EndGlobalSection
	GlobalSection(ProjectConfigurationPlatforms) = postSolution
		{469C4A2E-5686-456C-91BC-1D67FB6FD5F6}.Debug|x64.ActiveCfg = Debug|x64
		{469C4A2E-5686-456C-91BC-1D67FB6FD5F6}.Debug|x64.Build.0 = Debug|x64
		{469C4A2E-5686-456C-91BC-1D67FB6FD5F6}.Debug|x86.ActiveCfg = Debug|Win32
		{469C4A2E-5686-456C-91BC-1D67FB6FD5F6}.Debug|x86.Build.0 = Debug|Win32
		{469C4A2E-5686-456C-91BC-1D67FB6FD5F6}.Release|x64.ActiveCfg = Release|x64
		{469C4A2E-5686-456C-91BC-1D67FB6FD5F6}.Release|x64.Build.0 = Release|x64
		{469C4A2E-5686-456C-91BC-1D67FB6FD5F6}.Release|x86.ActiveCfg = Release|Win32
		{469C4A2E-5686-456C-91BC-1D67FB6FD5F6}.Release|x86.Build.0 = Release|Win32
	EndGlobalSection
	GlobalSection(SolutionProperties) = preSolution
		HideSolutionNode = FALSE
	EndGlobalSection
	GlobalSection(ExtensibilityGlobals) = postSolution
		SolutionGuid = {39F6D282-524B-4DCB-A434-86C859009C0F}
	EndGlobalSection
EndGlobal
